// !$*UTF8*$!
{
	archiveVersion = 1;
	classes = {
	};
	objectVersion = 46;
	objects = {

/* Begin PBXBuildFile section */
		8D735C6D1A1B612D0094B903 /* menu_05.png in Resources */ = {isa = PBXBuildFile; fileRef = 8D735C6C1A1B612D0094B903 /* menu_05.png */; };
		8D735C6F1A1B624D0094B903 /* oie_transparent (2).png in Resources */ = {isa = PBXBuildFile; fileRef = 8D735C6E1A1B624D0094B903 /* oie_transparent (2).png */; };
		8D735C711A1B630A0094B903 /* oie_transparent (3).png in Resources */ = {isa = PBXBuildFile; fileRef = 8D735C701A1B630A0094B903 /* oie_transparent (3).png */; };
		8D735C731A1B63DE0094B903 /* oie_transparent (4).png in Resources */ = {isa = PBXBuildFile; fileRef = 8D735C721A1B63DE0094B903 /* oie_transparent (4).png */; };
		8D95292B1A1B2A8300EC1328 /* 1416316760_editor_list_view_hambuger_menu_-32.png in Resources */ = {isa = PBXBuildFile; fileRef = 8D95292A1A1B2A8300EC1328 /* 1416316760_editor_list_view_hambuger_menu_-32.png */; };
		8D9529311A1B2B8C00EC1328 /* 1416317028_698956-icon-111-search-48.png in Resources */ = {isa = PBXBuildFile; fileRef = 8D9529301A1B2B8C00EC1328 /* 1416317028_698956-icon-111-search-48.png */; };
		8D9529431A1B34CF00EC1328 /* oie_transparent.png in Resources */ = {isa = PBXBuildFile; fileRef = 8D9529421A1B34CF00EC1328 /* oie_transparent.png */; };
		8D9529471A1B382B00EC1328 /* oie_transparent (1).png in Resources */ = {isa = PBXBuildFile; fileRef = 8D9529461A1B382B00EC1328 /* oie_transparent (1).png */; };
		8D95294A1A1B4D4800EC1328 /* VenueViewController.m in Sources */ = {isa = PBXBuildFile; fileRef = 8D9529491A1B4D4800EC1328 /* VenueViewController.m */; };
		8D95294C1A1B4DCC00EC1328 /* BG2_01.png in Resources */ = {isa = PBXBuildFile; fileRef = 8D95294B1A1B4DCC00EC1328 /* BG2_01.png */; };
		8DCA38391A1AC36B007FAFBD /* main.m in Sources */ = {isa = PBXBuildFile; fileRef = 8DCA38381A1AC36B007FAFBD /* main.m */; };
		8DCA383C1A1AC36B007FAFBD /* AppDelegate.m in Sources */ = {isa = PBXBuildFile; fileRef = 8DCA383B1A1AC36B007FAFBD /* AppDelegate.m */; };
		8DCA383F1A1AC36B007FAFBD /* ChecklistViewController.m in Sources */ = {isa = PBXBuildFile; fileRef = 8DCA383E1A1AC36B007FAFBD /* ChecklistViewController.m */; };
		8DCA38421A1AC36B007FAFBD /* Main.storyboard in Resources */ = {isa = PBXBuildFile; fileRef = 8DCA38401A1AC36B007FAFBD /* Main.storyboard */; };
		8DCA38441A1AC36B007FAFBD /* Images.xcassets in Resources */ = {isa = PBXBuildFile; fileRef = 8DCA38431A1AC36B007FAFBD /* Images.xcassets */; };
		8DCA38531A1AC36B007FAFBD /* LGBTQ_Marriage_AppTests.m in Sources */ = {isa = PBXBuildFile; fileRef = 8DCA38521A1AC36B007FAFBD /* LGBTQ_Marriage_AppTests.m */; };
		8DCA385F1A1AC382007FAFBD /* SWRevealViewController.m in Sources */ = {isa = PBXBuildFile; fileRef = 8DCA385E1A1AC382007FAFBD /* SWRevealViewController.m */; };
		8DCA38621A1AC93E007FAFBD /* NavigationViewController.m in Sources */ = {isa = PBXBuildFile; fileRef = 8DCA38611A1AC93E007FAFBD /* NavigationViewController.m */; };
		8DCA38641A1ADBA9007FAFBD /* BG7_01.png in Resources */ = {isa = PBXBuildFile; fileRef = 8DCA38631A1ADBA9007FAFBD /* BG7_01.png */; };
		8DCA386A1A1AE3FE007FAFBD /* BG4_01.png in Resources */ = {isa = PBXBuildFile; fileRef = 8DCA38691A1AE3FE007FAFBD /* BG4_01.png */; };
/* End PBXBuildFile section */

/* Begin PBXContainerItemProxy section */
		8DCA384D1A1AC36B007FAFBD /* PBXContainerItemProxy */ = {
			isa = PBXContainerItemProxy;
			containerPortal = 8DCA382B1A1AC36B007FAFBD /* Project object */;
			proxyType = 1;
			remoteGlobalIDString = 8DCA38321A1AC36B007FAFBD;
			remoteInfo = "LGBTQ Marriage App";
		};
/* End PBXContainerItemProxy section */

/* Begin PBXFileReference section */
		8D735C6C1A1B612D0094B903 /* menu_05.png */ = {isa = PBXFileReference; lastKnownFileType = image.png; path = menu_05.png; sourceTree = "<group>"; };
		8D735C6E1A1B624D0094B903 /* oie_transparent (2).png */ = {isa = PBXFileReference; lastKnownFileType = image.png; path = "oie_transparent (2).png"; sourceTree = "<group>"; };
		8D735C701A1B630A0094B903 /* oie_transparent (3).png */ = {isa = PBXFileReference; lastKnownFileType = image.png; path = "oie_transparent (3).png"; sourceTree = "<group>"; };
		8D735C721A1B63DE0094B903 /* oie_transparent (4).png */ = {isa = PBXFileReference; lastKnownFileType = image.png; path = "oie_transparent (4).png"; sourceTree = "<group>"; };
		8D95292A1A1B2A8300EC1328 /* 1416316760_editor_list_view_hambuger_menu_-32.png */ = {isa = PBXFileReference; lastKnownFileType = image.png; path = "1416316760_editor_list_view_hambuger_menu_-32.png"; sourceTree = "<group>"; };
		8D9529301A1B2B8C00EC1328 /* 1416317028_698956-icon-111-search-48.png */ = {isa = PBXFileReference; lastKnownFileType = image.png; path = "1416317028_698956-icon-111-search-48.png"; sourceTree = "<group>"; };
		8D9529421A1B34CF00EC1328 /* oie_transparent.png */ = {isa = PBXFileReference; lastKnownFileType = image.png; path = oie_transparent.png; sourceTree = "<group>"; };
		8D9529461A1B382B00EC1328 /* oie_transparent (1).png */ = {isa = PBXFileReference; lastKnownFileType = image.png; path = "oie_transparent (1).png"; sourceTree = "<group>"; };
		8D9529481A1B4D4800EC1328 /* VenueViewController.h */ = {isa = PBXFileReference; fileEncoding = 4; lastKnownFileType = sourcecode.c.h; path = VenueViewController.h; sourceTree = "<group>"; };
		8D9529491A1B4D4800EC1328 /* VenueViewController.m */ = {isa = PBXFileReference; fileEncoding = 4; lastKnownFileType = sourcecode.c.objc; path = VenueViewController.m; sourceTree = "<group>"; };
		8D95294B1A1B4DCC00EC1328 /* BG2_01.png */ = {isa = PBXFileReference; lastKnownFileType = image.png; path = BG2_01.png; sourceTree = "<group>"; };
		8DCA38331A1AC36B007FAFBD /* LGBTQ Marriage App.app */ = {isa = PBXFileReference; explicitFileType = wrapper.application; includeInIndex = 0; path = "LGBTQ Marriage App.app"; sourceTree = BUILT_PRODUCTS_DIR; };
		8DCA38371A1AC36B007FAFBD /* Info.plist */ = {isa = PBXFileReference; lastKnownFileType = text.plist.xml; path = Info.plist; sourceTree = "<group>"; };
		8DCA38381A1AC36B007FAFBD /* main.m */ = {isa = PBXFileReference; lastKnownFileType = sourcecode.c.objc; path = main.m; sourceTree = "<group>"; };
		8DCA383A1A1AC36B007FAFBD /* AppDelegate.h */ = {isa = PBXFileReference; lastKnownFileType = sourcecode.c.h; path = AppDelegate.h; sourceTree = "<group>"; };
		8DCA383B1A1AC36B007FAFBD /* AppDelegate.m */ = {isa = PBXFileReference; lastKnownFileType = sourcecode.c.objc; path = AppDelegate.m; sourceTree = "<group>"; };
		8DCA383D1A1AC36B007FAFBD /* ChecklistViewController.h */ = {isa = PBXFileReference; lastKnownFileType = sourcecode.c.h; path = ChecklistViewController.h; sourceTree = "<group>"; };
		8DCA383E1A1AC36B007FAFBD /* ChecklistViewController.m */ = {isa = PBXFileReference; lastKnownFileType = sourcecode.c.objc; path = ChecklistViewController.m; sourceTree = "<group>"; };
		8DCA38411A1AC36B007FAFBD /* Base */ = {isa = PBXFileReference; lastKnownFileType = file.storyboard; name = Base; path = Base.lproj/Main.storyboard; sourceTree = "<group>"; };
		8DCA38431A1AC36B007FAFBD /* Images.xcassets */ = {isa = PBXFileReference; lastKnownFileType = folder.assetcatalog; path = Images.xcassets; sourceTree = "<group>"; };
		8DCA384C1A1AC36B007FAFBD /* LGBTQ Marriage AppTests.xctest */ = {isa = PBXFileReference; explicitFileType = wrapper.cfbundle; includeInIndex = 0; path = "LGBTQ Marriage AppTests.xctest"; sourceTree = BUILT_PRODUCTS_DIR; };
		8DCA38511A1AC36B007FAFBD /* Info.plist */ = {isa = PBXFileReference; lastKnownFileType = text.plist.xml; path = Info.plist; sourceTree = "<group>"; };
		8DCA38521A1AC36B007FAFBD /* LGBTQ_Marriage_AppTests.m */ = {isa = PBXFileReference; lastKnownFileType = sourcecode.c.objc; path = LGBTQ_Marriage_AppTests.m; sourceTree = "<group>"; };
		8DCA385D1A1AC382007FAFBD /* SWRevealViewController.h */ = {isa = PBXFileReference; fileEncoding = 4; lastKnownFileType = sourcecode.c.h; path = SWRevealViewController.h; sourceTree = "<group>"; };
		8DCA385E1A1AC382007FAFBD /* SWRevealViewController.m */ = {isa = PBXFileReference; fileEncoding = 4; lastKnownFileType = sourcecode.c.objc; path = SWRevealViewController.m; sourceTree = "<group>"; };
		8DCA38601A1AC93E007FAFBD /* NavigationViewController.h */ = {isa = PBXFileReference; fileEncoding = 4; lastKnownFileType = sourcecode.c.h; path = NavigationViewController.h; sourceTree = "<group>"; };
		8DCA38611A1AC93E007FAFBD /* NavigationViewController.m */ = {isa = PBXFileReference; fileEncoding = 4; lastKnownFileType = sourcecode.c.objc; path = NavigationViewController.m; sourceTree = "<group>"; };
		8DCA38631A1ADBA9007FAFBD /* BG7_01.png */ = {isa = PBXFileReference; lastKnownFileType = image.png; path = BG7_01.png; sourceTree = "<group>"; };
		8DCA38691A1AE3FE007FAFBD /* BG4_01.png */ = {isa = PBXFileReference; lastKnownFileType = image.png; path = BG4_01.png; sourceTree = "<group>"; };
/* End PBXFileReference section */

/* Begin PBXFrameworksBuildPhase section */
		8DCA38301A1AC36B007FAFBD /* Frameworks */ = {
			isa = PBXFrameworksBuildPhase;
			buildActionMask = 2147483647;
			files = (
			);
			runOnlyForDeploymentPostprocessing = 0;
		};
		8DCA38491A1AC36B007FAFBD /* Frameworks */ = {
			isa = PBXFrameworksBuildPhase;
			buildActionMask = 2147483647;
			files = (
			);
			runOnlyForDeploymentPostprocessing = 0;
		};
/* End PBXFrameworksBuildPhase section */

/* Begin PBXGroup section */
		8DCA382A1A1AC36B007FAFBD = {
			isa = PBXGroup;
			children = (
				8DCA38351A1AC36B007FAFBD /* LGBTQ Marriage App */,
				8DCA384F1A1AC36B007FAFBD /* LGBTQ Marriage AppTests */,
				8DCA38341A1AC36B007FAFBD /* Products */,
			);
			sourceTree = "<group>";
		};
		8DCA38341A1AC36B007FAFBD /* Products */ = {
			isa = PBXGroup;
			children = (
				8DCA38331A1AC36B007FAFBD /* LGBTQ Marriage App.app */,
				8DCA384C1A1AC36B007FAFBD /* LGBTQ Marriage AppTests.xctest */,
			);
			name = Products;
			sourceTree = "<group>";
		};
		8DCA38351A1AC36B007FAFBD /* LGBTQ Marriage App */ = {
			isa = PBXGroup;
			children = (
				8DCA383A1A1AC36B007FAFBD /* AppDelegate.h */,
				8DCA383B1A1AC36B007FAFBD /* AppDelegate.m */,
				8DCA383D1A1AC36B007FAFBD /* ChecklistViewController.h */,
				8DCA383E1A1AC36B007FAFBD /* ChecklistViewController.m */,
				8D9529481A1B4D4800EC1328 /* VenueViewController.h */,
				8D9529491A1B4D4800EC1328 /* VenueViewController.m */,
				8DCA38601A1AC93E007FAFBD /* NavigationViewController.h */,
				8DCA38611A1AC93E007FAFBD /* NavigationViewController.m */,
				8D95292A1A1B2A8300EC1328 /* 1416316760_editor_list_view_hambuger_menu_-32.png */,
				8D9529301A1B2B8C00EC1328 /* 1416317028_698956-icon-111-search-48.png */,
				8DCA38691A1AE3FE007FAFBD /* BG4_01.png */,
				8D95294B1A1B4DCC00EC1328 /* BG2_01.png */,
				8DCA38631A1ADBA9007FAFBD /* BG7_01.png */,
				8D9529421A1B34CF00EC1328 /* oie_transparent.png */,
				8D9529461A1B382B00EC1328 /* oie_transparent (1).png */,
				8D735C6E1A1B624D0094B903 /* oie_transparent (2).png */,
				8D735C701A1B630A0094B903 /* oie_transparent (3).png */,
				8D735C721A1B63DE0094B903 /* oie_transparent (4).png */,
				8D735C6C1A1B612D0094B903 /* menu_05.png */,
				8DCA38401A1AC36B007FAFBD /* Main.storyboard */,
				8DCA38431A1AC36B007FAFBD /* Images.xcassets */,
				8DCA38361A1AC36B007FAFBD /* Supporting Files */,
			);
			path = "LGBTQ Marriage App";
			sourceTree = "<group>";
		};
		8DCA38361A1AC36B007FAFBD /* Supporting Files */ = {
			isa = PBXGroup;
			children = (
				8DCA385C1A1AC382007FAFBD /* SlideOutMenuFiles */,
				8DCA38371A1AC36B007FAFBD /* Info.plist */,
				8DCA38381A1AC36B007FAFBD /* main.m */,
			);
			name = "Supporting Files";
			sourceTree = "<group>";
		};
		8DCA384F1A1AC36B007FAFBD /* LGBTQ Marriage AppTests */ = {
			isa = PBXGroup;
			children = (
				8DCA38521A1AC36B007FAFBD /* LGBTQ_Marriage_AppTests.m */,
				8DCA38501A1AC36B007FAFBD /* Supporting Files */,
			);
			path = "LGBTQ Marriage AppTests";
			sourceTree = "<group>";
		};
		8DCA38501A1AC36B007FAFBD /* Supporting Files */ = {
			isa = PBXGroup;
			children = (
				8DCA38511A1AC36B007FAFBD /* Info.plist */,
			);
			name = "Supporting Files";
			sourceTree = "<group>";
		};
		8DCA385C1A1AC382007FAFBD /* SlideOutMenuFiles */ = {
			isa = PBXGroup;
			children = (
				8DCA385D1A1AC382007FAFBD /* SWRevealViewController.h */,
				8DCA385E1A1AC382007FAFBD /* SWRevealViewController.m */,
			);
			path = SlideOutMenuFiles;
			sourceTree = "<group>";
		};
/* End PBXGroup section */

/* Begin PBXNativeTarget section */
		8DCA38321A1AC36B007FAFBD /* LGBTQ Marriage App */ = {
			isa = PBXNativeTarget;
			buildConfigurationList = 8DCA38561A1AC36B007FAFBD /* Build configuration list for PBXNativeTarget "LGBTQ Marriage App" */;
			buildPhases = (
				8DCA382F1A1AC36B007FAFBD /* Sources */,
				8DCA38301A1AC36B007FAFBD /* Frameworks */,
				8DCA38311A1AC36B007FAFBD /* Resources */,
			);
			buildRules = (
			);
			dependencies = (
			);
			name = "LGBTQ Marriage App";
			productName = "LGBTQ Marriage App";
			productReference = 8DCA38331A1AC36B007FAFBD /* LGBTQ Marriage App.app */;
			productType = "com.apple.product-type.application";
		};
		8DCA384B1A1AC36B007FAFBD /* LGBTQ Marriage AppTests */ = {
			isa = PBXNativeTarget;
			buildConfigurationList = 8DCA38591A1AC36B007FAFBD /* Build configuration list for PBXNativeTarget "LGBTQ Marriage AppTests" */;
			buildPhases = (
				8DCA38481A1AC36B007FAFBD /* Sources */,
				8DCA38491A1AC36B007FAFBD /* Frameworks */,
				8DCA384A1A1AC36B007FAFBD /* Resources */,
			);
			buildRules = (
			);
			dependencies = (
				8DCA384E1A1AC36B007FAFBD /* PBXTargetDependency */,
			);
			name = "LGBTQ Marriage AppTests";
			productName = "LGBTQ Marriage AppTests";
			productReference = 8DCA384C1A1AC36B007FAFBD /* LGBTQ Marriage AppTests.xctest */;
			productType = "com.apple.product-type.bundle.unit-test";
		};
/* End PBXNativeTarget section */

/* Begin PBXProject section */
		8DCA382B1A1AC36B007FAFBD /* Project object */ = {
			isa = PBXProject;
			attributes = {
				LastUpgradeCheck = 0600;
				ORGANIZATIONNAME = "Leonardo Azopardo";
				TargetAttributes = {
					8DCA38321A1AC36B007FAFBD = {
						CreatedOnToolsVersion = 6.0;
						DevelopmentTeam = 389BUB46JM;
					};
					8DCA384B1A1AC36B007FAFBD = {
						CreatedOnToolsVersion = 6.0;
						DevelopmentTeam = 389BUB46JM;
						TestTargetID = 8DCA38321A1AC36B007FAFBD;
					};
				};
			};
			buildConfigurationList = 8DCA382E1A1AC36B007FAFBD /* Build configuration list for PBXProject "LGBTQ Marriage App" */;
			compatibilityVersion = "Xcode 3.2";
			developmentRegion = English;
			hasScannedForEncodings = 0;
			knownRegions = (
				en,
				Base,
			);
			mainGroup = 8DCA382A1A1AC36B007FAFBD;
			productRefGroup = 8DCA38341A1AC36B007FAFBD /* Products */;
			projectDirPath = "";
			projectRoot = "";
			targets = (
				8DCA38321A1AC36B007FAFBD /* LGBTQ Marriage App */,
				8DCA384B1A1AC36B007FAFBD /* LGBTQ Marriage AppTests */,
			);
		};
/* End PBXProject section */

/* Begin PBXResourcesBuildPhase section */
		8DCA38311A1AC36B007FAFBD /* Resources */ = {
			isa = PBXResourcesBuildPhase;
			buildActionMask = 2147483647;
			files = (
				8D735C6D1A1B612D0094B903 /* menu_05.png in Resources */,
				8D9529311A1B2B8C00EC1328 /* 1416317028_698956-icon-111-search-48.png in Resources */,
				8D735C711A1B630A0094B903 /* oie_transparent (3).png in Resources */,
				8D9529471A1B382B00EC1328 /* oie_transparent (1).png in Resources */,
				8D95294C1A1B4DCC00EC1328 /* BG2_01.png in Resources */,
				8DCA38421A1AC36B007FAFBD /* Main.storyboard in Resources */,
				8D9529431A1B34CF00EC1328 /* oie_transparent.png in Resources */,
				8DCA386A1A1AE3FE007FAFBD /* BG4_01.png in Resources */,
				8D735C6F1A1B624D0094B903 /* oie_transparent (2).png in Resources */,
				8D735C731A1B63DE0094B903 /* oie_transparent (4).png in Resources */,
				8D95292B1A1B2A8300EC1328 /* 1416316760_editor_list_view_hambuger_menu_-32.png in Resources */,
				8DCA38641A1ADBA9007FAFBD /* BG7_01.png in Resources */,
				8DCA38441A1AC36B007FAFBD /* Images.xcassets in Resources */,
			);
			runOnlyForDeploymentPostprocessing = 0;
		};
		8DCA384A1A1AC36B007FAFBD /* Resources */ = {
			isa = PBXResourcesBuildPhase;
			buildActionMask = 2147483647;
			files = (
			);
			runOnlyForDeploymentPostprocessing = 0;
		};
/* End PBXResourcesBuildPhase section */

/* Begin PBXSourcesBuildPhase section */
		8DCA382F1A1AC36B007FAFBD /* Sources */ = {
			isa = PBXSourcesBuildPhase;
			buildActionMask = 2147483647;
			files = (
				8DCA383F1A1AC36B007FAFBD /* ChecklistViewController.m in Sources */,
				8DCA383C1A1AC36B007FAFBD /* AppDelegate.m in Sources */,
				8DCA38621A1AC93E007FAFBD /* NavigationViewController.m in Sources */,
				8DCA38391A1AC36B007FAFBD /* main.m in Sources */,
				8D95294A1A1B4D4800EC1328 /* VenueViewController.m in Sources */,
				8DCA385F1A1AC382007FAFBD /* SWRevealViewController.m in Sources */,
			);
			runOnlyForDeploymentPostprocessing = 0;
		};
		8DCA38481A1AC36B007FAFBD /* Sources */ = {
			isa = PBXSourcesBuildPhase;
			buildActionMask = 2147483647;
			files = (
				8DCA38531A1AC36B007FAFBD /* LGBTQ_Marriage_AppTests.m in Sources */,
			);
			runOnlyForDeploymentPostprocessing = 0;
		};
/* End PBXSourcesBuildPhase section */

/* Begin PBXTargetDependency section */
		8DCA384E1A1AC36B007FAFBD /* PBXTargetDependency */ = {
			isa = PBXTargetDependency;
			target = 8DCA38321A1AC36B007FAFBD /* LGBTQ Marriage App */;
			targetProxy = 8DCA384D1A1AC36B007FAFBD /* PBXContainerItemProxy */;
		};
/* End PBXTargetDependency section */

/* Begin PBXVariantGroup section */
		8DCA38401A1AC36B007FAFBD /* Main.storyboard */ = {
			isa = PBXVariantGroup;
			children = (
				8DCA38411A1AC36B007FAFBD /* Base */,
			);
			name = Main.storyboard;
			sourceTree = "<group>";
		};
/* End PBXVariantGroup section */

/* Begin XCBuildConfiguration section */
		8DCA38541A1AC36B007FAFBD /* Debug */ = {
			isa = XCBuildConfiguration;
			buildSettings = {
				ALWAYS_SEARCH_USER_PATHS = NO;
				CLANG_CXX_LANGUAGE_STANDARD = "gnu++0x";
				CLANG_CXX_LIBRARY = "libc++";
				CLANG_ENABLE_MODULES = YES;
				CLANG_ENABLE_OBJC_ARC = YES;
				CLANG_WARN_BOOL_CONVERSION = YES;
				CLANG_WARN_CONSTANT_CONVERSION = YES;
				CLANG_WARN_DIRECT_OBJC_ISA_USAGE = YES_ERROR;
				CLANG_WARN_EMPTY_BODY = YES;
				CLANG_WARN_ENUM_CONVERSION = YES;
				CLANG_WARN_INT_CONVERSION = YES;
				CLANG_WARN_OBJC_ROOT_CLASS = YES_ERROR;
				CLANG_WARN_UNREACHABLE_CODE = YES;
				CLANG_WARN__DUPLICATE_METHOD_MATCH = YES;
				"CODE_SIGN_IDENTITY[sdk=iphoneos*]" = "iPhone Developer";
				COPY_PHASE_STRIP = NO;
				ENABLE_STRICT_OBJC_MSGSEND = YES;
				GCC_C_LANGUAGE_STANDARD = gnu99;
				GCC_DYNAMIC_NO_PIC = NO;
				GCC_OPTIMIZATION_LEVEL = 0;
				GCC_PREPROCESSOR_DEFINITIONS = (
					"DEBUG=1",
					"$(inherited)",
				);
				GCC_SYMBOLS_PRIVATE_EXTERN = NO;
				GCC_WARN_64_TO_32_BIT_CONVERSION = YES;
				GCC_WARN_ABOUT_RETURN_TYPE = YES_ERROR;
				GCC_WARN_UNDECLARED_SELECTOR = YES;
				GCC_WARN_UNINITIALIZED_AUTOS = YES_AGGRESSIVE;
				GCC_WARN_UNUSED_FUNCTION = YES;
				GCC_WARN_UNUSED_VARIABLE = YES;
				IPHONEOS_DEPLOYMENT_TARGET = 8.0;
				MTL_ENABLE_DEBUG_INFO = YES;
				ONLY_ACTIVE_ARCH = YES;
				SDKROOT = iphoneos;
			};
			name = Debug;
		};
		8DCA38551A1AC36B007FAFBD /* Release */ = {
			isa = XCBuildConfiguration;
			buildSettings = {
				ALWAYS_SEARCH_USER_PATHS = NO;
				CLANG_CXX_LANGUAGE_STANDARD = "gnu++0x";
				CLANG_CXX_LIBRARY = "libc++";
				CLANG_ENABLE_MODULES = YES;
				CLANG_ENABLE_OBJC_ARC = YES;
				CLANG_WARN_BOOL_CONVERSION = YES;
				CLANG_WARN_CONSTANT_CONVERSION = YES;
				CLANG_WARN_DIRECT_OBJC_ISA_USAGE = YES_ERROR;
				CLANG_WARN_EMPTY_BODY = YES;
				CLANG_WARN_ENUM_CONVERSION = YES;
				CLANG_WARN_INT_CONVERSION = YES;
				CLANG_WARN_OBJC_ROOT_CLASS = YES_ERROR;
				CLANG_WARN_UNREACHABLE_CODE = YES;
				CLANG_WARN__DUPLICATE_METHOD_MATCH = YES;
				"CODE_SIGN_IDENTITY[sdk=iphoneos*]" = "iPhone Developer";
				COPY_PHASE_STRIP = YES;
				ENABLE_NS_ASSERTIONS = NO;
				ENABLE_STRICT_OBJC_MSGSEND = YES;
				GCC_C_LANGUAGE_STANDARD = gnu99;
				GCC_WARN_64_TO_32_BIT_CONVERSION = YES;
				GCC_WARN_ABOUT_RETURN_TYPE = YES_ERROR;
				GCC_WARN_UNDECLARED_SELECTOR = YES;
				GCC_WARN_UNINITIALIZED_AUTOS = YES_AGGRESSIVE;
				GCC_WARN_UNUSED_FUNCTION = YES;
				GCC_WARN_UNUSED_VARIABLE = YES;
				IPHONEOS_DEPLOYMENT_TARGET = 8.0;
				MTL_ENABLE_DEBUG_INFO = NO;
				SDKROOT = iphoneos;
				VALIDATE_PRODUCT = YES;
			};
			name = Release;
		};
		8DCA38571A1AC36B007FAFBD /* Debug */ = {
			isa = XCBuildConfiguration;
			buildSettings = {
				ASSETCATALOG_COMPILER_APPICON_NAME = AppIcon;
				ASSETCATALOG_COMPILER_LAUNCHIMAGE_NAME = LaunchImage;
				CODE_SIGN_IDENTITY = "iPhone Developer";
				"CODE_SIGN_IDENTITY[sdk=iphoneos*]" = "iPhone Developer";
				INFOPLIST_FILE = "LGBTQ Marriage App/Info.plist";
				LD_RUNPATH_SEARCH_PATHS = "$(inherited) @executable_path/Frameworks";
				PRODUCT_NAME = "$(TARGET_NAME)";
				PROVISIONING_PROFILE = "";
			};
			name = Debug;
		};
		8DCA38581A1AC36B007FAFBD /* Release */ = {
			isa = XCBuildConfiguration;
			buildSettings = {
				ASSETCATALOG_COMPILER_APPICON_NAME = AppIcon;
				ASSETCATALOG_COMPILER_LAUNCHIMAGE_NAME = LaunchImage;
				CODE_SIGN_IDENTITY = "iPhone Developer";
				"CODE_SIGN_IDENTITY[sdk=iphoneos*]" = "iPhone Developer";
				INFOPLIST_FILE = "LGBTQ Marriage App/Info.plist";
				LD_RUNPATH_SEARCH_PATHS = "$(inherited) @executable_path/Frameworks";
				PRODUCT_NAME = "$(TARGET_NAME)";
				PROVISIONING_PROFILE = "";
			};
			name = Release;
		};
		8DCA385A1A1AC36B007FAFBD /* Debug */ = {
			isa = XCBuildConfiguration;
			buildSettings = {
				BUNDLE_LOADER = "$(TEST_HOST)";
				CODE_SIGN_IDENTITY = "iPhone Developer";
				"CODE_SIGN_IDENTITY[sdk=iphoneos*]" = "iPhone Developer";
				FRAMEWORK_SEARCH_PATHS = (
					"$(SDKROOT)/Developer/Library/Frameworks",
					"$(inherited)",
				);
				GCC_PREPROCESSOR_DEFINITIONS = (
					"DEBUG=1",
					"$(inherited)",
				);
				INFOPLIST_FILE = "LGBTQ Marriage AppTests/Info.plist";
				LD_RUNPATH_SEARCH_PATHS = "$(inherited) @executable_path/Frameworks @loader_path/Frameworks";
				PRODUCT_NAME = "$(TARGET_NAME)";
				PROVISIONING_PROFILE = "";
				TEST_HOST = "$(BUILT_PRODUCTS_DIR)/LGBTQ Marriage App.app/LGBTQ Marriage App";
			};
			name = Debug;
		};
		8DCA385B1A1AC36B007FAFBD /* Release */ = {
			isa = XCBuildConfiguration;
			buildSettings = {
				BUNDLE_LOADER = "$(TEST_HOST)";
				CODE_SIGN_IDENTITY = "iPhone Developer";
				"CODE_SIGN_IDENTITY[sdk=iphoneos*]" = "iPhone Developer";
				FRAMEWORK_SEARCH_PATHS = (
					"$(SDKROOT)/Developer/Library/Frameworks",
					"$(inherited)",
				);
				INFOPLIST_FILE = "LGBTQ Marriage AppTests/Info.plist";
				LD_RUNPATH_SEARCH_PATHS = "$(inherited) @executable_path/Frameworks @loader_path/Frameworks";
				PRODUCT_NAME = "$(TARGET_NAME)";
				PROVISIONING_PROFILE = "";
				TEST_HOST = "$(BUILT_PRODUCTS_DIR)/LGBTQ Marriage App.app/LGBTQ Marriage App";
			};
			name = Release;
		};
/* End XCBuildConfiguration section */

/* Begin XCConfigurationList section */
		8DCA382E1A1AC36B007FAFBD /* Build configuration list for PBXProject "LGBTQ Marriage App" */ = {
			isa = XCConfigurationList;
			buildConfigurations = (
				8DCA38541A1AC36B007FAFBD /* Debug */,
				8DCA38551A1AC36B007FAFBD /* Release */,
			);
			defaultConfigurationIsVisible = 0;
			defaultConfigurationName = Release;
		};
		8DCA38561A1AC36B007FAFBD /* Build configuration list for PBXNativeTarget "LGBTQ Marriage App" */ = {
			isa = XCConfigurationList;
			buildConfigurations = (
				8DCA38571A1AC36B007FAFBD /* Debug */,
				8DCA38581A1AC36B007FAFBD /* Release */,
			);
			defaultConfigurationIsVisible = 0;
			defaultConfigurationName = Release;
		};
		8DCA38591A1AC36B007FAFBD /* Build configuration list for PBXNativeTarget "LGBTQ Marriage AppTests" */ = {
			isa = XCConfigurationList;
			buildConfigurations = (
				8DCA385A1A1AC36B007FAFBD /* Debug */,
				8DCA385B1A1AC36B007FAFBD /* Release */,
			);
			defaultConfigurationIsVisible = 0;
			defaultConfigurationName = Release;
		};
/* End XCConfigurationList section */
	};
	rootObject = 8DCA382B1A1AC36B007FAFBD /* Project object */;
}
